
Microsoft Visual Studio Solution File, Format Version 12.00
# Visual Studio Version 17
VisualStudioVersion = 17.11.35327.3
MinimumVisualStudioVersion = 10.0.40219.1
Project("{2150E333-8FDC-42A3-9474-1A3956D46DE8}") = "CMakePredefinedTargets", "CMakePredefinedTargets", "{AD86B80B-9D99-3527-A062-C5173A8EF3DE}"
EndProject
Project("{8BC9CEB8-8B4A-11D0-8D11-00A0C91BC942}") = "CSC8503", "CSC8503\CSC8503.vcxproj", "{53FB62D5-14A2-37E3-880A-58C55C6C027F}"
	ProjectSection(ProjectDependencies) = postProject
		{2A588107-13B7-3ABD-AC7E-B47E48F96562} = {2A588107-13B7-3ABD-AC7E-B47E48F96562}
		{E779FA2E-118B-31B9-B305-11035D6E0380} = {E779FA2E-118B-31B9-B305-11035D6E0380}
		{9730A8E4-F85B-3DCD-B218-0B299DD93A6F} = {9730A8E4-F85B-3DCD-B218-0B299DD93A6F}
		{52804292-C5A0-34AA-BDEF-9C58409EFD7D} = {52804292-C5A0-34AA-BDEF-9C58409EFD7D}
	EndProjectSection
EndProject
Project("{8BC9CEB8-8B4A-11D0-8D11-00A0C91BC942}") = "ALL_BUILD", "ALL_BUILD.vcxproj", "{DC4D7369-4223-31D5-BAD5-F6073141FBBD}"
	ProjectSection(ProjectDependencies) = postProject
		{53FB62D5-14A2-37E3-880A-58C55C6C027F} = {53FB62D5-14A2-37E3-880A-58C55C6C027F}
		{2A588107-13B7-3ABD-AC7E-B47E48F96562} = {2A588107-13B7-3ABD-AC7E-B47E48F96562}
		{E779FA2E-118B-31B9-B305-11035D6E0380} = {E779FA2E-118B-31B9-B305-11035D6E0380}
		{9730A8E4-F85B-3DCD-B218-0B299DD93A6F} = {9730A8E4-F85B-3DCD-B218-0B299DD93A6F}
		{52804292-C5A0-34AA-BDEF-9C58409EFD7D} = {52804292-C5A0-34AA-BDEF-9C58409EFD7D}
	EndProjectSection
EndProject
Project("{8BC9CEB8-8B4A-11D0-8D11-00A0C91BC942}") = "CSC8503CoreClasses", "CSC8503CoreClasses\CSC8503CoreClasses.vcxproj", "{2A588107-13B7-3ABD-AC7E-B47E48F96562}"
	ProjectSection(ProjectDependencies) = postProject
		{52804292-C5A0-34AA-BDEF-9C58409EFD7D} = {52804292-C5A0-34AA-BDEF-9C58409EFD7D}
	EndProjectSection
EndProject
Project("{8BC9CEB8-8B4A-11D0-8D11-00A0C91BC942}") = "NCLCoreClasses", "NCLCoreClasses\NCLCoreClasses.vcxproj", "{E779FA2E-118B-31B9-B305-11035D6E0380}"
	ProjectSection(ProjectDependencies) = postProject
		{52804292-C5A0-34AA-BDEF-9C58409EFD7D} = {52804292-C5A0-34AA-BDEF-9C58409EFD7D}
	EndProjectSection
EndProject
Project("{8BC9CEB8-8B4A-11D0-8D11-00A0C91BC942}") = "OpenGLRendering", "OpenGLRendering\OpenGLRendering.vcxproj", "{9730A8E4-F85B-3DCD-B218-0B299DD93A6F}"
	ProjectSection(ProjectDependencies) = postProject
		{E779FA2E-118B-31B9-B305-11035D6E0380} = {E779FA2E-118B-31B9-B305-11035D6E0380}
		{52804292-C5A0-34AA-BDEF-9C58409EFD7D} = {52804292-C5A0-34AA-BDEF-9C58409EFD7D}
	EndProjectSection
EndProject
Project("{8BC9CEB8-8B4A-11D0-8D11-00A0C91BC942}") = "ZERO_CHECK", "ZERO_CHECK.vcxproj", "{52804292-C5A0-34AA-BDEF-9C58409EFD7D}"
EndProject
Global
	GlobalSection(SolutionConfigurationPlatforms) = preSolution
		Client|x64 = Client|x64
		Debug|x64 = Debug|x64
		Release|x64 = Release|x64
		Serve|x64 = Serve|x64
	EndGlobalSection
	GlobalSection(ProjectConfigurationPlatforms) = postSolution
		{53FB62D5-14A2-37E3-880A-58C55C6C027F}.Client|x64.ActiveCfg = Client|x64
		{53FB62D5-14A2-37E3-880A-58C55C6C027F}.Client|x64.Build.0 = Client|x64
		{53FB62D5-14A2-37E3-880A-58C55C6C027F}.Debug|x64.ActiveCfg = Debug|x64
		{53FB62D5-14A2-37E3-880A-58C55C6C027F}.Debug|x64.Build.0 = Debug|x64
		{53FB62D5-14A2-37E3-880A-58C55C6C027F}.Release|x64.ActiveCfg = Release|x64
		{53FB62D5-14A2-37E3-880A-58C55C6C027F}.Release|x64.Build.0 = Release|x64
		{53FB62D5-14A2-37E3-880A-58C55C6C027F}.Serve|x64.ActiveCfg = Serve|x64
		{53FB62D5-14A2-37E3-880A-58C55C6C027F}.Serve|x64.Build.0 = Serve|x64
		{DC4D7369-4223-31D5-BAD5-F6073141FBBD}.Client|x64.ActiveCfg = Client|x64
		{DC4D7369-4223-31D5-BAD5-F6073141FBBD}.Debug|x64.ActiveCfg = Debug|x64
		{DC4D7369-4223-31D5-BAD5-F6073141FBBD}.Release|x64.ActiveCfg = Release|x64
		{DC4D7369-4223-31D5-BAD5-F6073141FBBD}.Serve|x64.ActiveCfg = Serve|x64
		{2A588107-13B7-3ABD-AC7E-B47E48F96562}.Client|x64.ActiveCfg = Client|x64
		{2A588107-13B7-3ABD-AC7E-B47E48F96562}.Client|x64.Build.0 = Client|x64
		{2A588107-13B7-3ABD-AC7E-B47E48F96562}.Debug|x64.ActiveCfg = Debug|x64
		{2A588107-13B7-3ABD-AC7E-B47E48F96562}.Debug|x64.Build.0 = Debug|x64
		{2A588107-13B7-3ABD-AC7E-B47E48F96562}.Release|x64.ActiveCfg = Release|x64
		{2A588107-13B7-3ABD-AC7E-B47E48F96562}.Release|x64.Build.0 = Release|x64
		{2A588107-13B7-3ABD-AC7E-B47E48F96562}.Serve|x64.ActiveCfg = Serve|x64
		{2A588107-13B7-3ABD-AC7E-B47E48F96562}.Serve|x64.Build.0 = Serve|x64
		{E779FA2E-118B-31B9-B305-11035D6E0380}.Client|x64.ActiveCfg = Client|x64
		{E779FA2E-118B-31B9-B305-11035D6E0380}.Client|x64.Build.0 = Client|x64
		{E779FA2E-118B-31B9-B305-11035D6E0380}.Debug|x64.ActiveCfg = Debug|x64
		{E779FA2E-118B-31B9-B305-11035D6E0380}.Debug|x64.Build.0 = Debug|x64
		{E779FA2E-118B-31B9-B305-11035D6E0380}.Release|x64.ActiveCfg = Release|x64
		{E779FA2E-118B-31B9-B305-11035D6E0380}.Release|x64.Build.0 = Release|x64
		{E779FA2E-118B-31B9-B305-11035D6E0380}.Serve|x64.ActiveCfg = Serve|x64
		{E779FA2E-118B-31B9-B305-11035D6E0380}.Serve|x64.Build.0 = Serve|x64
		{9730A8E4-F85B-3DCD-B218-0B299DD93A6F}.Client|x64.ActiveCfg = Client|x64
		{9730A8E4-F85B-3DCD-B218-0B299DD93A6F}.Client|x64.Build.0 = Client|x64
		{9730A8E4-F85B-3DCD-B218-0B299DD93A6F}.Debug|x64.ActiveCfg = Debug|x64
		{9730A8E4-F85B-3DCD-B218-0B299DD93A6F}.Debug|x64.Build.0 = Debug|x64
		{9730A8E4-F85B-3DCD-B218-0B299DD93A6F}.Release|x64.ActiveCfg = Release|x64
		{9730A8E4-F85B-3DCD-B218-0B299DD93A6F}.Release|x64.Build.0 = Release|x64
		{9730A8E4-F85B-3DCD-B218-0B299DD93A6F}.Serve|x64.ActiveCfg = Serve|x64
		{9730A8E4-F85B-3DCD-B218-0B299DD93A6F}.Serve|x64.Build.0 = Serve|x64
		{52804292-C5A0-34AA-BDEF-9C58409EFD7D}.Client|x64.ActiveCfg = Client|x64
		{52804292-C5A0-34AA-BDEF-9C58409EFD7D}.Client|x64.Build.0 = Client|x64
		{52804292-C5A0-34AA-BDEF-9C58409EFD7D}.Debug|x64.ActiveCfg = Debug|x64
		{52804292-C5A0-34AA-BDEF-9C58409EFD7D}.Debug|x64.Build.0 = Debug|x64
		{52804292-C5A0-34AA-BDEF-9C58409EFD7D}.Release|x64.ActiveCfg = Release|x64
		{52804292-C5A0-34AA-BDEF-9C58409EFD7D}.Release|x64.Build.0 = Release|x64
		{52804292-C5A0-34AA-BDEF-9C58409EFD7D}.Serve|x64.ActiveCfg = Serve|x64
		{52804292-C5A0-34AA-BDEF-9C58409EFD7D}.Serve|x64.Build.0 = Serve|x64
	EndGlobalSection
	GlobalSection(SolutionProperties) = preSolution
		HideSolutionNode = FALSE
	EndGlobalSection
	GlobalSection(NestedProjects) = preSolution
		{DC4D7369-4223-31D5-BAD5-F6073141FBBD} = {AD86B80B-9D99-3527-A062-C5173A8EF3DE}
		{52804292-C5A0-34AA-BDEF-9C58409EFD7D} = {AD86B80B-9D99-3527-A062-C5173A8EF3DE}
	EndGlobalSection
	GlobalSection(ExtensibilityGlobals) = postSolution
		SolutionGuid = {C350756D-28F0-3BC2-9BA2-59788BFB6FC2}
	EndGlobalSection
EndGlobal
