<?xml version="1.0" encoding="utf-8"?>
<Project ToolsVersion="17.0" xmlns="http://schemas.microsoft.com/developer/msbuild/2003">
  <ItemGroup>
    <CustomBuild Include="D:\CSC8503\CSC8503 Code 2024\CMakeFiles\18b702f352a6455bd957885e586f4060\generate.stamp.rule">
      <Filter>CMake Rules</Filter>
    </CustomBuild>
  </ItemGroup>
  <ItemGroup>
    <Filter Include="CMake Rules">
      <UniqueIdentifier>{28B8CBDB-A33A-3CDE-8767-E63B105235D0}</UniqueIdentifier>
    </Filter>
  </ItemGroup>
</Project>
