<?xml version="1.0" encoding="utf-8"?>
<Project ToolsVersion="17.0" xmlns="http://schemas.microsoft.com/developer/msbuild/2003">
  <ItemGroup>
    <ClCompile Include="H:\Desktop\testJenkins\CSC8503\CSC8503\CMakeFiles\CSC8503.dir\cmake_pch.cxx">
      <Filter>Source Files</Filter>
    </ClCompile>
    <ClCompile Include="H:\Desktop\testJenkins\CSC8503\CSC8503\EnemyObject.cpp">
      <Filter>Source Files</Filter>
    </ClCompile>
    <ClCompile Include="H:\Desktop\testJenkins\CSC8503\CSC8503\GameTechRenderer.cpp">
      <Filter>Source Files</Filter>
    </ClCompile>
    <ClCompile Include="H:\Desktop\testJenkins\CSC8503\CSC8503\Main.cpp">
      <Filter>Source Files</Filter>
    </ClCompile>
    <ClCompile Include="H:\Desktop\testJenkins\CSC8503\CSC8503\MenuStates.cpp">
      <Filter>Source Files</Filter>
    </ClCompile>
    <ClCompile Include="H:\Desktop\testJenkins\CSC8503\CSC8503\NetworkPlayer.cpp">
      <Filter>Source Files</Filter>
    </ClCompile>
    <ClCompile Include="H:\Desktop\testJenkins\CSC8503\CSC8503\NetworkedGame.cpp">
      <Filter>Source Files</Filter>
    </ClCompile>
    <ClCompile Include="H:\Desktop\testJenkins\CSC8503\CSC8503\StateGameObject.cpp">
      <Filter>Source Files</Filter>
    </ClCompile>
    <ClCompile Include="H:\Desktop\testJenkins\CSC8503\CSC8503\TutorialGame.cpp">
      <Filter>Source Files</Filter>
    </ClCompile>
    <ClCompile Include="H:\Desktop\testJenkins\CSC8503\CSC8503\playerObject.cpp">
      <Filter>Source Files</Filter>
    </ClCompile>
  </ItemGroup>
  <ItemGroup>
    <ClInclude Include="H:\Desktop\testJenkins\CSC8503\CSC8503\EnemyObject.h">
      <Filter>Header Files</Filter>
    </ClInclude>
    <ClInclude Include="H:\Desktop\testJenkins\CSC8503\CSC8503\GameTechRenderer.h">
      <Filter>Header Files</Filter>
    </ClInclude>
    <ClInclude Include="H:\Desktop\testJenkins\CSC8503\CSC8503\MenuStates.h">
      <Filter>Header Files</Filter>
    </ClInclude>
    <ClInclude Include="H:\Desktop\testJenkins\CSC8503\CSC8503\NetworkPlayer.h">
      <Filter>Header Files</Filter>
    </ClInclude>
    <ClInclude Include="H:\Desktop\testJenkins\CSC8503\CSC8503\NetworkedGame.h">
      <Filter>Header Files</Filter>
    </ClInclude>
    <ClInclude Include="H:\Desktop\testJenkins\CSC8503\CSC8503\StateGameObject.h">
      <Filter>Header Files</Filter>
    </ClInclude>
    <ClInclude Include="H:\Desktop\testJenkins\CSC8503\CSC8503\TutorialGame.h">
      <Filter>Header Files</Filter>
    </ClInclude>
    <ClInclude Include="H:\Desktop\testJenkins\CSC8503\CSC8503\playerObject.h">
      <Filter>Header Files</Filter>
    </ClInclude>
    <ClInclude Include="H:\Desktop\testJenkins\CSC8503\CSC8503\CMakeFiles\CSC8503.dir\Debug\cmake_pch.hxx">
      <Filter>Precompile Header File</Filter>
    </ClInclude>
    <ClInclude Include="H:\Desktop\testJenkins\CSC8503\CSC8503\CMakeFiles\CSC8503.dir\Release\cmake_pch.hxx">
      <Filter>Precompile Header File</Filter>
    </ClInclude>
  </ItemGroup>
  <ItemGroup>
    <CustomBuild Include="H:\Desktop\testJenkins\CSC8503\CSC8503\CMakeLists.txt" />
  </ItemGroup>
  <ItemGroup>
    <Filter Include="Header Files">
      <UniqueIdentifier>{249C83DB-4983-34BD-A8A2-31775A1F343C}</UniqueIdentifier>
    </Filter>
    <Filter Include="Precompile Header File">
      <UniqueIdentifier>{141D30CA-428F-3A8D-A6BF-922ADDEE718C}</UniqueIdentifier>
    </Filter>
    <Filter Include="Source Files">
      <UniqueIdentifier>{1D17F554-B4CF-3F31-9ADA-51A5ACC819FE}</UniqueIdentifier>
    </Filter>
  </ItemGroup>
</Project>
